{
  "nodes": {
    "cpu-microcodes": {
      "flake": false,
      "locked": {
        "lastModified": 1737820704,
        "narHash": "sha256-AZQ5WgCN5Aom8sgsw+LNXXOjQUx52HmoMu3+7DMEjsU=",
        "owner": "platomav",
        "repo": "CPUMicrocodes",
        "rev": "c0a15766a4bc8c4697da34f9c8972d5db94dca91",
        "type": "github"
      },
      "original": {
        "owner": "platomav",
        "repo": "CPUMicrocodes",
        "rev": "c0a15766a4bc8c4697da34f9c8972d5db94dca91",
        "type": "github"
      }
    },
    "home-manager": {
      "inputs": {
        "nixpkgs": [
          "nixpkgs"
        ]
      },
      "locked": {
        "lastModified": 1736373539,
        "narHash": "sha256-dinzAqCjenWDxuy+MqUQq0I4zUSfaCvN9rzuCmgMZJY=",
        "owner": "nix-community",
        "repo": "home-manager",
        "rev": "bd65bc3cde04c16755955630b344bc9e35272c56",
        "type": "github"
      },
      "original": {
        "owner": "nix-community",
        "ref": "release-24.11",
        "repo": "home-manager",
        "type": "github"
      }
    },
    "nixpkgs": {
      "locked": {
        "lastModified": 1738023785,
        "narHash": "sha256-BPHmb3fUwdHkonHyHi1+x89eXB3kA1jffIpwPVJIVys=",
        "owner": "nixos",
        "repo": "nixpkgs",
        "rev": "2b4230bf03deb33103947e2528cac2ed516c5c89",
        "type": "github"
      },
      "original": {
        "owner": "nixos",
        "ref": "nixos-24.11",
        "repo": "nixpkgs",
        "type": "github"
      }
    },
    "nixpkgs-unstable": {
      "locked": {
        "lastModified": 1737885589,
        "narHash": "sha256-Zf0hSrtzaM1DEz8//+Xs51k/wdSajticVrATqDrfQjg=",
        "owner": "nixos",
        "repo": "nixpkgs",
        "rev": "852ff1d9e153d8875a83602e03fdef8a63f0ecf8",
        "type": "github"
      },
      "original": {
        "owner": "nixos",
        "ref": "nixos-unstable",
        "repo": "nixpkgs",
        "type": "github"
      }
    },
    "root": {
      "inputs": {
        "home-manager": "home-manager",
        "nixpkgs": "nixpkgs",
        "nixpkgs-unstable": "nixpkgs-unstable",
        "ucodenix": "ucodenix"
      }
    },
    "ucodenix": {
      "inputs": {
        "cpu-microcodes": "cpu-microcodes"
      },
      "locked": {
        "lastModified": 1737941842,
        "narHash": "sha256-Wx8QvBalK2xkWYxB7bB9AyAEmyAjMneUEgNGl8P/j9s=",
        "owner": "e-tho",
        "repo": "ucodenix",
        "rev": "9d10e01599fbabe125500ba6a58285217d7eb620",
        "type": "github"
      },
      "original": {
        "owner": "e-tho",
        "repo": "ucodenix",
        "type": "github"
      }
    }
  },
  "root": "root",
  "version": 7
}
